
Microsoft Visual Studio Solution File, Format Version 12.00
# Visual Studio Version 17
VisualStudioVersion = 17.3.32901.215
MinimumVisualStudioVersion = 10.0.40219.1
Project("{FAE04EC0-301F-11D3-BF4B-00C04F79EFBC}") = "DesignModel", "DesignModel.csproj", "{4EDF6F3B-0051-4DA2-8EB3-06A8BD308F2F}"
EndProject
Global
	GlobalSection(SolutionConfigurationPlatforms) = preSolution
		Debug|Any CPU = Debug|Any CPU
		Release|Any CPU = Release|Any CPU
	EndGlobalSection
	GlobalSection(ProjectConfigurationPlatforms) = postSolution
		{4EDF6F3B-0051-4DA2-8EB3-06A8BD308F2F}.Debug|Any CPU.ActiveCfg = Debug|Any CPU
		{4EDF6F3B-0051-4DA2-8EB3-06A8BD308F2F}.Debug|Any CPU.Build.0 = Debug|Any CPU
		{4EDF6F3B-0051-4DA2-8EB3-06A8BD308F2F}.Release|Any CPU.ActiveCfg = Release|Any CPU
		{4EDF6F3B-0051-4DA2-8EB3-06A8BD308F2F}.Release|Any CPU.Build.0 = Release|Any CPU
	EndGlobalSection
	GlobalSection(SolutionProperties) = preSolution
		HideSolutionNode = FALSE
	EndGlobalSection
	GlobalSection(ExtensibilityGlobals) = postSolution
		SolutionGuid = {0764CF53-8DA4-4DC0-9648-1DACA611EBF2}
	EndGlobalSection
EndGlobal
